
Microsoft Visual Studio Solution File, Format Version 12.00
# Visual Studio Version 16
VisualStudioVersion = 16.0.31205.134
MinimumVisualStudioVersion = 10.0.40219.1
Project("{FAE04EC0-301F-11D3-BF4B-00C04F79EFBC}") = "PruebaTecnicaWeb", "PruebaTecnicaWeb\PruebaTecnicaWeb.csproj", "{B8E39D27-65F0-4FAF-98A2-14D46977A58F}"
EndProject
Global
	GlobalSection(SolutionConfigurationPlatforms) = preSolution
		Debug|Any CPU = Debug|Any CPU
		Release|Any CPU = Release|Any CPU
	EndGlobalSection
	GlobalSection(ProjectConfigurationPlatforms) = postSolution
		{B8E39D27-65F0-4FAF-98A2-14D46977A58F}.Debug|Any CPU.ActiveCfg = Debug|Any CPU
		{B8E39D27-65F0-4FAF-98A2-14D46977A58F}.Debug|Any CPU.Build.0 = Debug|Any CPU
		{B8E39D27-65F0-4FAF-98A2-14D46977A58F}.Release|Any CPU.ActiveCfg = Release|Any CPU
		{B8E39D27-65F0-4FAF-98A2-14D46977A58F}.Release|Any CPU.Build.0 = Release|Any CPU
	EndGlobalSection
	GlobalSection(SolutionProperties) = preSolution
		HideSolutionNode = FALSE
	EndGlobalSection
	GlobalSection(ExtensibilityGlobals) = postSolution
		SolutionGuid = {53BAB738-634C-40FD-A55F-92319CFA780A}
	EndGlobalSection
EndGlobal
